<?xml version="1.0" encoding="utf-8"?>
<Project ToolsVersion="4.0" xmlns="http://schemas.microsoft.com/developer/msbuild/2003">
  <ItemGroup>
    <Filter Include="Source Files">
      <UniqueIdentifier>{4FC737F1-C7A5-4376-A066-2A32D752A2FF}</UniqueIdentifier>
      <Extensions>cpp;c;cc;cxx;def;odl;idl;hpj;bat;asm;asmx</Extensions>
    </Filter>
    <Filter Include="Header Files">
      <UniqueIdentifier>{93995380-89BD-4b04-88EB-625FBE52EBFB}</UniqueIdentifier>
      <Extensions>h;hpp;hxx;hm;inl;inc;xsd</Extensions>
    </Filter>
    <Filter Include="Resource Files">
      <UniqueIdentifier>{67DA6AB6-F800-4c08-8B7A-83BB121AAD01}</UniqueIdentifier>
      <Extensions>rc;ico;cur;bmp;dlg;rc2;rct;bin;rgs;gif;jpg;jpeg;jpe;resx;tiff;tif;png;wav;mfcribbon-ms</Extensions>
    </Filter>
    <Filter Include="Header Files\cuecomp">
      <UniqueIdentifier>{eb5f1760-29c1-46af-bf95-a93218a68c9b}</UniqueIdentifier>
    </Filter>
    <Filter Include="Source Files\cuecomp">
      <UniqueIdentifier>{d43460f6-d44c-48cf-b4aa-6a9271b7583a}</UniqueIdentifier>
    </Filter>
  </ItemGroup>
  <ItemGroup>
    <ClInclude Include="cuecomp\rle.h">
      <Filter>Header Files\cuecomp</Filter>
    </ClInclude>
    <ClInclude Include="cuecomp\blz.h">
      <Filter>Header Files\cuecomp</Filter>
    </ClInclude>
    <ClInclude Include="cuecomp\cuecomp.h">
      <Filter>Header Files\cuecomp</Filter>
    </ClInclude>
    <ClInclude Include="cuecomp\huffman.h">
      <Filter>Header Files\cuecomp</Filter>
    </ClInclude>
    <ClInclude Include="cuecomp\lze.h">
      <Filter>Header Files\cuecomp</Filter>
    </ClInclude>
    <ClInclude Include="cuecomp\lzss.h">
      <Filter>Header Files\cuecomp</Filter>
    </ClInclude>
    <ClInclude Include="cuecomp\lzx.h">
      <Filter>Header Files\cuecomp</Filter>
    </ClInclude>
    <ClInclude Include="arc.h">
      <Filter>Header Files</Filter>
    </ClInclude>
    <ClInclude Include="compression.h">
      <Filter>Header Files</Filter>
    </ClInclude>
    <ClInclude Include="guild.h">
      <Filter>Header Files</Filter>
    </ClInclude>
    <ClInclude Include="utils.h">
      <Filter>Header Files</Filter>
    </ClInclude>
    <ClInclude Include="xfsa.h">
      <Filter>Header Files</Filter>
    </ClInclude>
  </ItemGroup>
  <ItemGroup>
    <ClCompile Include="3ds-xfsatool.cpp">
      <Filter>Source Files</Filter>
    </ClCompile>
    <ClCompile Include="cuecomp\blz.cpp">
      <Filter>Source Files\cuecomp</Filter>
    </ClCompile>
    <ClCompile Include="cuecomp\huffman.cpp">
      <Filter>Source Files\cuecomp</Filter>
    </ClCompile>
    <ClCompile Include="cuecomp\lze.cpp">
      <Filter>Source Files\cuecomp</Filter>
    </ClCompile>
    <ClCompile Include="cuecomp\lzss.cpp">
      <Filter>Source Files\cuecomp</Filter>
    </ClCompile>
    <ClCompile Include="cuecomp\lzx.cpp">
      <Filter>Source Files\cuecomp</Filter>
    </ClCompile>
    <ClCompile Include="cuecomp\rle.cpp">
      <Filter>Source Files\cuecomp</Filter>
    </ClCompile>
    <ClCompile Include="arc.cpp">
      <Filter>Source Files</Filter>
    </ClCompile>
    <ClCompile Include="guild.cpp">
      <Filter>Source Files</Filter>
    </ClCompile>
    <ClCompile Include="compression.cpp">
      <Filter>Source Files</Filter>
    </ClCompile>
    <ClCompile Include="utils.cpp">
      <Filter>Source Files</Filter>
    </ClCompile>
    <ClCompile Include="xfsa.cpp">
      <Filter>Source Files</Filter>
    </ClCompile>
  </ItemGroup>
</Project>